lockfileVersion: '9.0'

settings:
  autoInstallPeers: true
  excludeLinksFromLockfile: false

importers:

  .:
    dependencies:
      '@radix-ui/react-accordion':
        specifier: ^1.2.2
        version: 1.2.2(react-dom@19.0.0(react@19.0.0))(react@19.0.0)
      '@radix-ui/react-checkbox':
        specifier: ^1.1.3
        version: 1.1.3(react-dom@19.0.0(react@19.0.0))(react@19.0.0)
      '@radix-ui/react-label':
        specifier: ^2.1.1
        version: 2.1.1(react-dom@19.0.0(react@19.0.0))(react@19.0.0)
      '@radix-ui/react-select':
        specifier: ^2.1.5
        version: 2.1.5(react-dom@19.0.0(react@19.0.0))(react@19.0.0)
      '@radix-ui/react-slot':
        specifier: ^1.1.1
        version: 1.1.1(react@19.0.0)
      '@radix-ui/react-switch':
        specifier: ^1.1.2
        version: 1.1.2(react-dom@19.0.0(react@19.0.0))(react@19.0.0)
      autoprefixer:
        specifier: 10.4.20
        version: 10.4.20(postcss@8.5.1)
      embla-carousel-react:
        specifier: ^8.5.2
        version: 8.5.2(react@19.0.0)
      postcss:
        specifier: 8.5.1
        version: 8.5.1
      react-hook-form:
        specifier: ^7.54.2
        version: 7.54.2(react@19.0.0)
      sonner:
        specifier: ^1.7.4
        version: 1.7.4(react-dom@19.0.0(react@19.0.0))(react@19.0.0)
      tailwindcss:
        specifier: 4.0.3
        version: 4.0.3
      tailwindcss-animate:
        specifier: ^1.0.7
        version: 1.0.7(tailwindcss@4.0.3)
      tslib:
        specifier: ^2.3.0
        version: 2.8.1

packages:

  '@floating-ui/core@1.6.9':
    resolution: {integrity: sha512-uMXCuQ3BItDUbAMhIXw7UPXRfAlOAvZzdK9BWpE60MCn+Svt3aLn9jsPTi/WNGlRUu2uI0v5S7JiIUsbsvh3fw==}

  '@floating-ui/dom@1.6.13':
    resolution: {integrity: sha512-umqzocjDgNRGTuO7Q8CU32dkHkECqI8ZdMZ5Swb6QAM0t5rnlrN3lGo1hdpscRd3WS8T6DKYK4ephgIH9iRh3w==}

  '@floating-ui/react-dom@2.1.2':
    resolution: {integrity: sha512-06okr5cgPzMNBy+Ycse2A6udMi4bqwW/zgBF/rwjcNqWkyr82Mcg8b0vjX8OJpZFy/FKjJmw6wV7t44kK6kW7A==}
    peerDependencies:
      react: '>=16.8.0'
      react-dom: '>=16.8.0'

  '@floating-ui/utils@0.2.9':
    resolution: {integrity: sha512-MDWhGtE+eHw5JW7lq4qhc5yRLS11ERl1c7Z6Xd0a58DozHES6EnNNwUWbMiG4J9Cgj053Bhk8zvlhFYKVhULwg==}

  '@radix-ui/number@1.1.0':
    resolution: {integrity: sha512-V3gRzhVNU1ldS5XhAPTom1fOIo4ccrjjJgmE+LI2h/WaFpHmx0MQApT+KZHnx8abG6Avtfcz4WoEciMnpFT3HQ==}

  '@radix-ui/primitive@1.1.1':
    resolution: {integrity: sha512-SJ31y+Q/zAyShtXJc8x83i9TYdbAfHZ++tUZnvjJJqFjzsdUnKsxPL6IEtBlxKkU7yzer//GQtZSV4GbldL3YA==}

  '@radix-ui/react-accordion@1.2.2':
    resolution: {integrity: sha512-b1oh54x4DMCdGsB4/7ahiSrViXxaBwRPotiZNnYXjLha9vfuURSAZErki6qjDoSIV0eXx5v57XnTGVtGwnfp2g==}
    peerDependencies:
      '@types/react': '*'
      '@types/react-dom': '*'
      react: ^16.8 || ^17.0 || ^18.0 || ^19.0 || ^19.0.0-rc
      react-dom: ^16.8 || ^17.0 || ^18.0 || ^19.0 || ^19.0.0-rc
    peerDependenciesMeta:
      '@types/react':
        optional: true
      '@types/react-dom':
        optional: true

  '@radix-ui/react-arrow@1.1.1':
    resolution: {integrity: sha512-NaVpZfmv8SKeZbn4ijN2V3jlHA9ngBG16VnIIm22nUR0Yk8KUALyBxT3KYEUnNuch9sTE8UTsS3whzBgKOL30w==}
    peerDependencies:
      '@types/react': '*'
      '@types/react-dom': '*'
      react: ^16.8 || ^17.0 || ^18.0 || ^19.0 || ^19.0.0-rc
      react-dom: ^16.8 || ^17.0 || ^18.0 || ^19.0 || ^19.0.0-rc
    peerDependenciesMeta:
      '@types/react':
        optional: true
      '@types/react-dom':
        optional: true

  '@radix-ui/react-checkbox@1.1.3':
    resolution: {integrity: sha512-HD7/ocp8f1B3e6OHygH0n7ZKjONkhciy1Nh0yuBgObqThc3oyx+vuMfFHKAknXRHHWVE9XvXStxJFyjUmB8PIw==}
    peerDependencies:
      '@types/react': '*'
      '@types/react-dom': '*'
      react: ^16.8 || ^17.0 || ^18.0 || ^19.0 || ^19.0.0-rc
      react-dom: ^16.8 || ^17.0 || ^18.0 || ^19.0 || ^19.0.0-rc
    peerDependenciesMeta:
      '@types/react':
        optional: true
      '@types/react-dom':
        optional: true

  '@radix-ui/react-collapsible@1.1.2':
    resolution: {integrity: sha512-PliMB63vxz7vggcyq0IxNYk8vGDrLXVWw4+W4B8YnwI1s18x7YZYqlG9PLX7XxAJUi0g2DxP4XKJMFHh/iVh9A==}
    peerDependencies:
      '@types/react': '*'
      '@types/react-dom': '*'
      react: ^16.8 || ^17.0 || ^18.0 || ^19.0 || ^19.0.0-rc
      react-dom: ^16.8 || ^17.0 || ^18.0 || ^19.0 || ^19.0.0-rc
    peerDependenciesMeta:
      '@types/react':
        optional: true
      '@types/react-dom':
        optional: true

  '@radix-ui/react-collection@1.1.1':
    resolution: {integrity: sha512-LwT3pSho9Dljg+wY2KN2mrrh6y3qELfftINERIzBUO9e0N+t0oMTyn3k9iv+ZqgrwGkRnLpNJrsMv9BZlt2yuA==}
    peerDependencies:
      '@types/react': '*'
      '@types/react-dom': '*'
      react: ^16.8 || ^17.0 || ^18.0 || ^19.0 || ^19.0.0-rc
      react-dom: ^16.8 || ^17.0 || ^18.0 || ^19.0 || ^19.0.0-rc
    peerDependenciesMeta:
      '@types/react':
        optional: true
      '@types/react-dom':
        optional: true

  '@radix-ui/react-compose-refs@1.1.1':
    resolution: {integrity: sha512-Y9VzoRDSJtgFMUCoiZBDVo084VQ5hfpXxVE+NgkdNsjiDBByiImMZKKhxMwCbdHvhlENG6a833CbFkOQvTricw==}
    peerDependencies:
      '@types/react': '*'
      react: ^16.8 || ^17.0 || ^18.0 || ^19.0 || ^19.0.0-rc
    peerDependenciesMeta:
      '@types/react':
        optional: true

  '@radix-ui/react-context@1.1.1':
    resolution: {integrity: sha512-UASk9zi+crv9WteK/NU4PLvOoL3OuE6BWVKNF6hPRBtYBDXQ2u5iu3O59zUlJiTVvkyuycnqrztsHVJwcK9K+Q==}
    peerDependencies:
      '@types/react': '*'
      react: ^16.8 || ^17.0 || ^18.0 || ^19.0 || ^19.0.0-rc
    peerDependenciesMeta:
      '@types/react':
        optional: true

  '@radix-ui/react-direction@1.1.0':
    resolution: {integrity: sha512-BUuBvgThEiAXh2DWu93XsT+a3aWrGqolGlqqw5VU1kG7p/ZH2cuDlM1sRLNnY3QcBS69UIz2mcKhMxDsdewhjg==}
    peerDependencies:
      '@types/react': '*'
      react: ^16.8 || ^17.0 || ^18.0 || ^19.0 || ^19.0.0-rc
    peerDependenciesMeta:
      '@types/react':
        optional: true

  '@radix-ui/react-dismissable-layer@1.1.4':
    resolution: {integrity: sha512-XDUI0IVYVSwjMXxM6P4Dfti7AH+Y4oS/TB+sglZ/EXc7cqLwGAmp1NlMrcUjj7ks6R5WTZuWKv44FBbLpwU3sA==}
    peerDependencies:
      '@types/react': '*'
      '@types/react-dom': '*'
      react: ^16.8 || ^17.0 || ^18.0 || ^19.0 || ^19.0.0-rc
      react-dom: ^16.8 || ^17.0 || ^18.0 || ^19.0 || ^19.0.0-rc
    peerDependenciesMeta:
      '@types/react':
        optional: true
      '@types/react-dom':
        optional: true

  '@radix-ui/react-focus-guards@1.1.1':
    resolution: {integrity: sha512-pSIwfrT1a6sIoDASCSpFwOasEwKTZWDw/iBdtnqKO7v6FeOzYJ7U53cPzYFVR3geGGXgVHaH+CdngrrAzqUGxg==}
    peerDependencies:
      '@types/react': '*'
      react: ^16.8 || ^17.0 || ^18.0 || ^19.0 || ^19.0.0-rc
    peerDependenciesMeta:
      '@types/react':
        optional: true

  '@radix-ui/react-focus-scope@1.1.1':
    resolution: {integrity: sha512-01omzJAYRxXdG2/he/+xy+c8a8gCydoQ1yOxnWNcRhrrBW5W+RQJ22EK1SaO8tb3WoUsuEw7mJjBozPzihDFjA==}
    peerDependencies:
      '@types/react': '*'
      '@types/react-dom': '*'
      react: ^16.8 || ^17.0 || ^18.0 || ^19.0 || ^19.0.0-rc
      react-dom: ^16.8 || ^17.0 || ^18.0 || ^19.0 || ^19.0.0-rc
    peerDependenciesMeta:
      '@types/react':
        optional: true
      '@types/react-dom':
        optional: true

  '@radix-ui/react-id@1.1.0':
    resolution: {integrity: sha512-EJUrI8yYh7WOjNOqpoJaf1jlFIH2LvtgAl+YcFqNCa+4hj64ZXmPkAKOFs/ukjz3byN6bdb/AVUqHkI8/uWWMA==}
    peerDependencies:
      '@types/react': '*'
      react: ^16.8 || ^17.0 || ^18.0 || ^19.0 || ^19.0.0-rc
    peerDependenciesMeta:
      '@types/react':
        optional: true

  '@radix-ui/react-label@2.1.1':
    resolution: {integrity: sha512-UUw5E4e/2+4kFMH7+YxORXGWggtY6sM8WIwh5RZchhLuUg2H1hc98Py+pr8HMz6rdaYrK2t296ZEjYLOCO5uUw==}
    peerDependencies:
      '@types/react': '*'
      '@types/react-dom': '*'
      react: ^16.8 || ^17.0 || ^18.0 || ^19.0 || ^19.0.0-rc
      react-dom: ^16.8 || ^17.0 || ^18.0 || ^19.0 || ^19.0.0-rc
    peerDependenciesMeta:
      '@types/react':
        optional: true
      '@types/react-dom':
        optional: true

  '@radix-ui/react-popper@1.2.1':
    resolution: {integrity: sha512-3kn5Me69L+jv82EKRuQCXdYyf1DqHwD2U/sxoNgBGCB7K9TRc3bQamQ+5EPM9EvyPdli0W41sROd+ZU1dTCztw==}
    peerDependencies:
      '@types/react': '*'
      '@types/react-dom': '*'
      react: ^16.8 || ^17.0 || ^18.0 || ^19.0 || ^19.0.0-rc
      react-dom: ^16.8 || ^17.0 || ^18.0 || ^19.0 || ^19.0.0-rc
    peerDependenciesMeta:
      '@types/react':
        optional: true
      '@types/react-dom':
        optional: true

  '@radix-ui/react-portal@1.1.3':
    resolution: {integrity: sha512-NciRqhXnGojhT93RPyDaMPfLH3ZSl4jjIFbZQ1b/vxvZEdHsBZ49wP9w8L3HzUQwep01LcWtkUvm0OVB5JAHTw==}
    peerDependencies:
      '@types/react': '*'
      '@types/react-dom': '*'
      react: ^16.8 || ^17.0 || ^18.0 || ^19.0 || ^19.0.0-rc
      react-dom: ^16.8 || ^17.0 || ^18.0 || ^19.0 || ^19.0.0-rc
    peerDependenciesMeta:
      '@types/react':
        optional: true
      '@types/react-dom':
        optional: true

  '@radix-ui/react-presence@1.1.2':
    resolution: {integrity: sha512-18TFr80t5EVgL9x1SwF/YGtfG+l0BS0PRAlCWBDoBEiDQjeKgnNZRVJp/oVBl24sr3Gbfwc/Qpj4OcWTQMsAEg==}
    peerDependencies:
      '@types/react': '*'
      '@types/react-dom': '*'
      react: ^16.8 || ^17.0 || ^18.0 || ^19.0 || ^19.0.0-rc
      react-dom: ^16.8 || ^17.0 || ^18.0 || ^19.0 || ^19.0.0-rc
    peerDependenciesMeta:
      '@types/react':
        optional: true
      '@types/react-dom':
        optional: true

  '@radix-ui/react-primitive@2.0.1':
    resolution: {integrity: sha512-sHCWTtxwNn3L3fH8qAfnF3WbUZycW93SM1j3NFDzXBiz8D6F5UTTy8G1+WFEaiCdvCVRJWj6N2R4Xq6HdiHmDg==}
    peerDependencies:
      '@types/react': '*'
      '@types/react-dom': '*'
      react: ^16.8 || ^17.0 || ^18.0 || ^19.0 || ^19.0.0-rc
      react-dom: ^16.8 || ^17.0 || ^18.0 || ^19.0 || ^19.0.0-rc
    peerDependenciesMeta:
      '@types/react':
        optional: true
      '@types/react-dom':
        optional: true

  '@radix-ui/react-select@2.1.5':
    resolution: {integrity: sha512-eVV7N8jBXAXnyrc+PsOF89O9AfVgGnbLxUtBb0clJ8y8ENMWLARGMI/1/SBRLz7u4HqxLgN71BJ17eono3wcjA==}
    peerDependencies:
      '@types/react': '*'
      '@types/react-dom': '*'
      react: ^16.8 || ^17.0 || ^18.0 || ^19.0 || ^19.0.0-rc
      react-dom: ^16.8 || ^17.0 || ^18.0 || ^19.0 || ^19.0.0-rc
    peerDependenciesMeta:
      '@types/react':
        optional: true
      '@types/react-dom':
        optional: true

  '@radix-ui/react-slot@1.1.1':
    resolution: {integrity: sha512-RApLLOcINYJA+dMVbOju7MYv1Mb2EBp2nH4HdDzXTSyaR5optlm6Otrz1euW3HbdOR8UmmFK06TD+A9frYWv+g==}
    peerDependencies:
      '@types/react': '*'
      react: ^16.8 || ^17.0 || ^18.0 || ^19.0 || ^19.0.0-rc
    peerDependenciesMeta:
      '@types/react':
        optional: true

  '@radix-ui/react-switch@1.1.2':
    resolution: {integrity: sha512-zGukiWHjEdBCRyXvKR6iXAQG6qXm2esuAD6kDOi9Cn+1X6ev3ASo4+CsYaD6Fov9r/AQFekqnD/7+V0Cs6/98g==}
    peerDependencies:
      '@types/react': '*'
      '@types/react-dom': '*'
      react: ^16.8 || ^17.0 || ^18.0 || ^19.0 || ^19.0.0-rc
      react-dom: ^16.8 || ^17.0 || ^18.0 || ^19.0 || ^19.0.0-rc
    peerDependenciesMeta:
      '@types/react':
        optional: true
      '@types/react-dom':
        optional: true

  '@radix-ui/react-use-callback-ref@1.1.0':
    resolution: {integrity: sha512-CasTfvsy+frcFkbXtSJ2Zu9JHpN8TYKxkgJGWbjiZhFivxaeW7rMeZt7QELGVLaYVfFMsKHjb7Ak0nMEe+2Vfw==}
    peerDependencies:
      '@types/react': '*'
      react: ^16.8 || ^17.0 || ^18.0 || ^19.0 || ^19.0.0-rc
    peerDependenciesMeta:
      '@types/react':
        optional: true

  '@radix-ui/react-use-controllable-state@1.1.0':
    resolution: {integrity: sha512-MtfMVJiSr2NjzS0Aa90NPTnvTSg6C/JLCV7ma0W6+OMV78vd8OyRpID+Ng9LxzsPbLeuBnWBA1Nq30AtBIDChw==}
    peerDependencies:
      '@types/react': '*'
      react: ^16.8 || ^17.0 || ^18.0 || ^19.0 || ^19.0.0-rc
    peerDependenciesMeta:
      '@types/react':
        optional: true

  '@radix-ui/react-use-escape-keydown@1.1.0':
    resolution: {integrity: sha512-L7vwWlR1kTTQ3oh7g1O0CBF3YCyyTj8NmhLR+phShpyA50HCfBFKVJTpshm9PzLiKmehsrQzTYTpX9HvmC9rhw==}
    peerDependencies:
      '@types/react': '*'
      react: ^16.8 || ^17.0 || ^18.0 || ^19.0 || ^19.0.0-rc
    peerDependenciesMeta:
      '@types/react':
        optional: true

  '@radix-ui/react-use-layout-effect@1.1.0':
    resolution: {integrity: sha512-+FPE0rOdziWSrH9athwI1R0HDVbWlEhd+FR+aSDk4uWGmSJ9Z54sdZVDQPZAinJhJXwfT+qnj969mCsT2gfm5w==}
    peerDependencies:
      '@types/react': '*'
      react: ^16.8 || ^17.0 || ^18.0 || ^19.0 || ^19.0.0-rc
    peerDependenciesMeta:
      '@types/react':
        optional: true

  '@radix-ui/react-use-previous@1.1.0':
    resolution: {integrity: sha512-Z/e78qg2YFnnXcW88A4JmTtm4ADckLno6F7OXotmkQfeuCVaKuYzqAATPhVzl3delXE7CxIV8shofPn3jPc5Og==}
    peerDependencies:
      '@types/react': '*'
      react: ^16.8 || ^17.0 || ^18.0 || ^19.0 || ^19.0.0-rc
    peerDependenciesMeta:
      '@types/react':
        optional: true

  '@radix-ui/react-use-rect@1.1.0':
    resolution: {integrity: sha512-0Fmkebhr6PiseyZlYAOtLS+nb7jLmpqTrJyv61Pe68MKYW6OWdRE2kI70TaYY27u7H0lajqM3hSMMLFq18Z7nQ==}
    peerDependencies:
      '@types/react': '*'
      react: ^16.8 || ^17.0 || ^18.0 || ^19.0 || ^19.0.0-rc
    peerDependenciesMeta:
      '@types/react':
        optional: true

  '@radix-ui/react-use-size@1.1.0':
    resolution: {integrity: sha512-XW3/vWuIXHa+2Uwcc2ABSfcCledmXhhQPlGbfcRXbiUQI5Icjcg19BGCZVKKInYbvUCut/ufbbLLPFC5cbb1hw==}
    peerDependencies:
      '@types/react': '*'
      react: ^16.8 || ^17.0 || ^18.0 || ^19.0 || ^19.0.0-rc
    peerDependenciesMeta:
      '@types/react':
        optional: true

  '@radix-ui/react-visually-hidden@1.1.1':
    resolution: {integrity: sha512-vVfA2IZ9q/J+gEamvj761Oq1FpWgCDaNOOIfbPVp2MVPLEomUr5+Vf7kJGwQ24YxZSlQVar7Bes8kyTo5Dshpg==}
    peerDependencies:
      '@types/react': '*'
      '@types/react-dom': '*'
      react: ^16.8 || ^17.0 || ^18.0 || ^19.0 || ^19.0.0-rc
      react-dom: ^16.8 || ^17.0 || ^18.0 || ^19.0 || ^19.0.0-rc
    peerDependenciesMeta:
      '@types/react':
        optional: true
      '@types/react-dom':
        optional: true

  '@radix-ui/rect@1.1.0':
    resolution: {integrity: sha512-A9+lCBZoaMJlVKcRBz2YByCG+Cp2t6nAnMnNba+XiWxnj6r4JUFqfsgwocMBZU9LPtdxC6wB56ySYpc7LQIoJg==}

  aria-hidden@1.2.4:
    resolution: {integrity: sha512-y+CcFFwelSXpLZk/7fMB2mUbGtX9lKycf1MWJ7CaTIERyitVlyQx6C+sxcROU2BAJ24OiZyK+8wj2i8AlBoS3A==}
    engines: {node: '>=10'}

  autoprefixer@10.4.20:
    resolution: {integrity: sha512-XY25y5xSv/wEoqzDyXXME4AFfkZI0P23z6Fs3YgymDnKJkCGOnkL0iTxCa85UTqaSgfcqyf3UA6+c7wUvx/16g==}
    engines: {node: ^10 || ^12 || >=14}
    hasBin: true
    peerDependencies:
      postcss: ^8.1.0

  browserslist@4.24.4:
    resolution: {integrity: sha512-KDi1Ny1gSePi1vm0q4oxSF8b4DR44GF4BbmS2YdhPLOEqd8pDviZOGH/GsmRwoWJ2+5Lr085X7naowMwKHDG1A==}
    engines: {node: ^6 || ^7 || ^8 || ^9 || ^10 || ^11 || ^12 || >=13.7}
    hasBin: true

  caniuse-lite@1.0.30001697:
    resolution: {integrity: sha512-GwNPlWJin8E+d7Gxq96jxM6w0w+VFeyyXRsjU58emtkYqnbwHqXm5uT2uCmO0RQE9htWknOP4xtBlLmM/gWxvQ==}

  detect-node-es@1.1.0:
    resolution: {integrity: sha512-ypdmJU/TbBby2Dxibuv7ZLW3Bs1QEmM7nHjEANfohJLvE0XVujisn1qPJcZxg+qDucsr+bP6fLD1rPS3AhJ7EQ==}

  electron-to-chromium@1.5.91:
    resolution: {integrity: sha512-sNSHHyq048PFmZY4S90ax61q+gLCs0X0YmcOII9wG9S2XwbVr+h4VW2wWhnbp/Eys3cCwTxVF292W3qPaxIapQ==}

  embla-carousel-react@8.5.2:
    resolution: {integrity: sha512-Tmx+uY3MqseIGdwp0ScyUuxpBgx5jX1f7od4Cm5mDwg/dptEiTKf9xp6tw0lZN2VA9JbnVMl/aikmbc53c6QFA==}
    peerDependencies:
      react: ^16.8.0 || ^17.0.1 || ^18.0.0 || ^19.0.0 || ^19.0.0-rc

  embla-carousel-reactive-utils@8.5.2:
    resolution: {integrity: sha512-QC8/hYSK/pEmqEdU1IO5O+XNc/Ptmmq7uCB44vKplgLKhB/l0+yvYx0+Cv0sF6Ena8Srld5vUErZkT+yTahtDg==}
    peerDependencies:
      embla-carousel: 8.5.2

  embla-carousel@8.5.2:
    resolution: {integrity: sha512-xQ9oVLrun/eCG/7ru3R+I5bJ7shsD8fFwLEY7yPe27/+fDHCNj0OT5EoG5ZbFyOxOcG6yTwW8oTz/dWyFnyGpg==}

  escalade@3.2.0:
    resolution: {integrity: sha512-WUj2qlxaQtO4g6Pq5c29GTcWGDyd8itL8zTlipgECz3JesAiiOKotd8JU6otB3PACgG6xkJUyVhboMS+bje/jA==}
    engines: {node: '>=6'}

  fraction.js@4.3.7:
    resolution: {integrity: sha512-ZsDfxO51wGAXREY55a7la9LScWpwv9RxIrYABrlvOFBlH/ShPnrtsXeuUIfXKKOVicNxQ+o8JTbJvjS4M89yew==}

  get-nonce@1.0.1:
    resolution: {integrity: sha512-FJhYRoDaiatfEkUK8HKlicmu/3SGFD51q3itKDGoSTysQJBnfOcxU5GxnhE1E6soB76MbT0MBtnKJuXyAx+96Q==}
    engines: {node: '>=6'}

  nanoid@3.3.8:
    resolution: {integrity: sha512-WNLf5Sd8oZxOm+TzppcYk8gVOgP+l58xNy58D0nbUnOxOWRWvlcCV4kUF7ltmI6PsrLl/BgKEyS4mqsGChFN0w==}
    engines: {node: ^10 || ^12 || ^13.7 || ^14 || >=15.0.1}
    hasBin: true

  node-releases@2.0.19:
    resolution: {integrity: sha512-xxOWJsBKtzAq7DY0J+DTzuz58K8e7sJbdgwkbMWQe8UYB6ekmsQ45q0M/tJDsGaZmbC+l7n57UV8Hl5tHxO9uw==}

  normalize-range@0.1.2:
    resolution: {integrity: sha512-bdok/XvKII3nUpklnV6P2hxtMNrCboOjAcyBuQnWEhO665FwrSNRxU+AqpsyvO6LgGYPspN+lu5CLtw4jPRKNA==}
    engines: {node: '>=0.10.0'}

  picocolors@1.1.1:
    resolution: {integrity: sha512-xceH2snhtb5M9liqDsmEw56le376mTZkEX/jEb/RxNFyegNul7eNslCXP9FDj/Lcu0X8KEyMceP2ntpaHrDEVA==}

  postcss-value-parser@4.2.0:
    resolution: {integrity: sha512-1NNCs6uurfkVbeXG4S8JFT9t19m45ICnif8zWLd5oPSZ50QnwMfK+H3jv408d4jw/7Bttv5axS5IiHoLaVNHeQ==}

  postcss@8.5.1:
    resolution: {integrity: sha512-6oz2beyjc5VMn/KV1pPw8fliQkhBXrVn1Z3TVyqZxU8kZpzEKhBdmCFqI6ZbmGtamQvQGuU1sgPTk8ZrXDD7jQ==}
    engines: {node: ^10 || ^12 || >=14}

  react-dom@19.0.0:
    resolution: {integrity: sha512-4GV5sHFG0e/0AD4X+ySy6UJd3jVl1iNsNHdpad0qhABJ11twS3TTBnseqsKurKcsNqCEFeGL3uLpVChpIO3QfQ==}
    peerDependencies:
      react: ^19.0.0

  react-hook-form@7.54.2:
    resolution: {integrity: sha512-eHpAUgUjWbZocoQYUHposymRb4ZP6d0uwUnooL2uOybA9/3tPUvoAKqEWK1WaSiTxxOfTpffNZP7QwlnM3/gEg==}
    engines: {node: '>=18.0.0'}
    peerDependencies:
      react: ^16.8.0 || ^17 || ^18 || ^19

  react-remove-scroll-bar@2.3.8:
    resolution: {integrity: sha512-9r+yi9+mgU33AKcj6IbT9oRCO78WriSj6t/cF8DWBZJ9aOGPOTEDvdUDz1FwKim7QXWwmHqtdHnRJfhAxEG46Q==}
    engines: {node: '>=10'}
    peerDependencies:
      '@types/react': '*'
      react: ^16.8.0 || ^17.0.0 || ^18.0.0 || ^19.0.0
    peerDependenciesMeta:
      '@types/react':
        optional: true

  react-remove-scroll@2.6.3:
    resolution: {integrity: sha512-pnAi91oOk8g8ABQKGF5/M9qxmmOPxaAnopyTHYfqYEwJhyFrbbBtHuSgtKEoH0jpcxx5o3hXqH1mNd9/Oi+8iQ==}
    engines: {node: '>=10'}
    peerDependencies:
      '@types/react': '*'
      react: ^16.8.0 || ^17.0.0 || ^18.0.0 || ^19.0.0 || ^19.0.0-rc
    peerDependenciesMeta:
      '@types/react':
        optional: true

  react-style-singleton@2.2.3:
    resolution: {integrity: sha512-b6jSvxvVnyptAiLjbkWLE/lOnR4lfTtDAl+eUC7RZy+QQWc6wRzIV2CE6xBuMmDxc2qIihtDCZD5NPOFl7fRBQ==}
    engines: {node: '>=10'}
    peerDependencies:
      '@types/react': '*'
      react: ^16.8.0 || ^17.0.0 || ^18.0.0 || ^19.0.0 || ^19.0.0-rc
    peerDependenciesMeta:
      '@types/react':
        optional: true

  react@19.0.0:
    resolution: {integrity: sha512-V8AVnmPIICiWpGfm6GLzCR/W5FXLchHop40W4nXBmdlEceh16rCN8O8LNWm5bh5XUX91fh7KpA+W0TgMKmgTpQ==}
    engines: {node: '>=0.10.0'}

  scheduler@0.25.0:
    resolution: {integrity: sha512-xFVuu11jh+xcO7JOAGJNOXld8/TcEHK/4CituBUeUb5hqxJLj9YuemAEuvm9gQ/+pgXYfbQuqAkiYu+u7YEsNA==}

  sonner@1.7.4:
    resolution: {integrity: sha512-DIS8z4PfJRbIyfVFDVnK9rO3eYDtse4Omcm6bt0oEr5/jtLgysmjuBl1frJ9E/EQZrFmKx2A8m/s5s9CRXIzhw==}
    peerDependencies:
      react: ^18.0.0 || ^19.0.0 || ^19.0.0-rc
      react-dom: ^18.0.0 || ^19.0.0 || ^19.0.0-rc

  source-map-js@1.2.1:
    resolution: {integrity: sha512-UXWMKhLOwVKb728IUtQPXxfYU+usdybtUrK/8uGE8CQMvrhOpwvzDBwj0QhSL7MQc7vIsISBG8VQ8+IDQxpfQA==}
    engines: {node: '>=0.10.0'}

  tailwindcss-animate@1.0.7:
    resolution: {integrity: sha512-bl6mpH3T7I3UFxuvDEXLxy/VuFxBk5bbzplh7tXI68mwMokNYd1t9qPBHlnyTwfa4JGC4zP516I1hYYtQ/vspA==}
    peerDependencies:
      tailwindcss: '>=3.0.0 || insiders'

  tailwindcss@4.0.3:
    resolution: {integrity: sha512-ImmZF0Lon5RrQpsEAKGxRvHwCvMgSC4XVlFRqmbzTEDb/3wvin9zfEZrMwgsa3yqBbPqahYcVI6lulM2S7IZAA==}

  tslib@2.8.1:
    resolution: {integrity: sha512-oJFu94HQb+KVduSUQL7wnpmqnfmLsOA/nAh6b6EH0wCEoK0/mPeXU6c3wKDV83MkOuHPRHtSXKKU99IBazS/2w==}

  update-browserslist-db@1.1.2:
    resolution: {integrity: sha512-PPypAm5qvlD7XMZC3BujecnaOxwhrtoFR+Dqkk5Aa/6DssiH0ibKoketaj9w8LP7Bont1rYeoV5plxD7RTEPRg==}
    hasBin: true
    peerDependencies:
      browserslist: '>= 4.21.0'

  use-callback-ref@1.3.3:
    resolution: {integrity: sha512-jQL3lRnocaFtu3V00JToYz/4QkNWswxijDaCVNZRiRTO3HQDLsdu1ZtmIUvV4yPp+rvWm5j0y0TG/S61cuijTg==}
    engines: {node: '>=10'}
    peerDependencies:
      '@types/react': '*'
      react: ^16.8.0 || ^17.0.0 || ^18.0.0 || ^19.0.0 || ^19.0.0-rc
    peerDependenciesMeta:
      '@types/react':
        optional: true

  use-sidecar@1.1.3:
    resolution: {integrity: sha512-Fedw0aZvkhynoPYlA5WXrMCAMm+nSWdZt6lzJQ7Ok8S6Q+VsHmHpRWndVRJ8Be0ZbkfPc5LRYH+5XrzXcEeLRQ==}
    engines: {node: '>=10'}
    peerDependencies:
      '@types/react': '*'
      react: ^16.8.0 || ^17.0.0 || ^18.0.0 || ^19.0.0 || ^19.0.0-rc
    peerDependenciesMeta:
      '@types/react':
        optional: true

snapshots:

  '@floating-ui/core@1.6.9':
    dependencies:
      '@floating-ui/utils': 0.2.9

  '@floating-ui/dom@1.6.13':
    dependencies:
      '@floating-ui/core': 1.6.9
      '@floating-ui/utils': 0.2.9

  '@floating-ui/react-dom@2.1.2(react-dom@19.0.0(react@19.0.0))(react@19.0.0)':
    dependencies:
      '@floating-ui/dom': 1.6.13
      react: 19.0.0
      react-dom: 19.0.0(react@19.0.0)

  '@floating-ui/utils@0.2.9': {}

  '@radix-ui/number@1.1.0': {}

  '@radix-ui/primitive@1.1.1': {}

  '@radix-ui/react-accordion@1.2.2(react-dom@19.0.0(react@19.0.0))(react@19.0.0)':
    dependencies:
      '@radix-ui/primitive': 1.1.1
      '@radix-ui/react-collapsible': 1.1.2(react-dom@19.0.0(react@19.0.0))(react@19.0.0)
      '@radix-ui/react-collection': 1.1.1(react-dom@19.0.0(react@19.0.0))(react@19.0.0)
      '@radix-ui/react-compose-refs': 1.1.1(react@19.0.0)
      '@radix-ui/react-context': 1.1.1(react@19.0.0)
      '@radix-ui/react-direction': 1.1.0(react@19.0.0)
      '@radix-ui/react-id': 1.1.0(react@19.0.0)
      '@radix-ui/react-primitive': 2.0.1(react-dom@19.0.0(react@19.0.0))(react@19.0.0)
      '@radix-ui/react-use-controllable-state': 1.1.0(react@19.0.0)
      react: 19.0.0
      react-dom: 19.0.0(react@19.0.0)

  '@radix-ui/react-arrow@1.1.1(react-dom@19.0.0(react@19.0.0))(react@19.0.0)':
    dependencies:
      '@radix-ui/react-primitive': 2.0.1(react-dom@19.0.0(react@19.0.0))(react@19.0.0)
      react: 19.0.0
      react-dom: 19.0.0(react@19.0.0)

  '@radix-ui/react-checkbox@1.1.3(react-dom@19.0.0(react@19.0.0))(react@19.0.0)':
    dependencies:
      '@radix-ui/primitive': 1.1.1
      '@radix-ui/react-compose-refs': 1.1.1(react@19.0.0)
      '@radix-ui/react-context': 1.1.1(react@19.0.0)
      '@radix-ui/react-presence': 1.1.2(react-dom@19.0.0(react@19.0.0))(react@19.0.0)
      '@radix-ui/react-primitive': 2.0.1(react-dom@19.0.0(react@19.0.0))(react@19.0.0)
      '@radix-ui/react-use-controllable-state': 1.1.0(react@19.0.0)
      '@radix-ui/react-use-previous': 1.1.0(react@19.0.0)
      '@radix-ui/react-use-size': 1.1.0(react@19.0.0)
      react: 19.0.0
      react-dom: 19.0.0(react@19.0.0)

  '@radix-ui/react-collapsible@1.1.2(react-dom@19.0.0(react@19.0.0))(react@19.0.0)':
    dependencies:
      '@radix-ui/primitive': 1.1.1
      '@radix-ui/react-compose-refs': 1.1.1(react@19.0.0)
      '@radix-ui/react-context': 1.1.1(react@19.0.0)
      '@radix-ui/react-id': 1.1.0(react@19.0.0)
      '@radix-ui/react-presence': 1.1.2(react-dom@19.0.0(react@19.0.0))(react@19.0.0)
      '@radix-ui/react-primitive': 2.0.1(react-dom@19.0.0(react@19.0.0))(react@19.0.0)
      '@radix-ui/react-use-controllable-state': 1.1.0(react@19.0.0)
      '@radix-ui/react-use-layout-effect': 1.1.0(react@19.0.0)
      react: 19.0.0
      react-dom: 19.0.0(react@19.0.0)

  '@radix-ui/react-collection@1.1.1(react-dom@19.0.0(react@19.0.0))(react@19.0.0)':
    dependencies:
      '@radix-ui/react-compose-refs': 1.1.1(react@19.0.0)
      '@radix-ui/react-context': 1.1.1(react@19.0.0)
      '@radix-ui/react-primitive': 2.0.1(react-dom@19.0.0(react@19.0.0))(react@19.0.0)
      '@radix-ui/react-slot': 1.1.1(react@19.0.0)
      react: 19.0.0
      react-dom: 19.0.0(react@19.0.0)

  '@radix-ui/react-compose-refs@1.1.1(react@19.0.0)':
    dependencies:
      react: 19.0.0

  '@radix-ui/react-context@1.1.1(react@19.0.0)':
    dependencies:
      react: 19.0.0

  '@radix-ui/react-direction@1.1.0(react@19.0.0)':
    dependencies:
      react: 19.0.0

  '@radix-ui/react-dismissable-layer@1.1.4(react-dom@19.0.0(react@19.0.0))(react@19.0.0)':
    dependencies:
      '@radix-ui/primitive': 1.1.1
      '@radix-ui/react-compose-refs': 1.1.1(react@19.0.0)
      '@radix-ui/react-primitive': 2.0.1(react-dom@19.0.0(react@19.0.0))(react@19.0.0)
      '@radix-ui/react-use-callback-ref': 1.1.0(react@19.0.0)
      '@radix-ui/react-use-escape-keydown': 1.1.0(react@19.0.0)
      react: 19.0.0
      react-dom: 19.0.0(react@19.0.0)

  '@radix-ui/react-focus-guards@1.1.1(react@19.0.0)':
    dependencies:
      react: 19.0.0

  '@radix-ui/react-focus-scope@1.1.1(react-dom@19.0.0(react@19.0.0))(react@19.0.0)':
    dependencies:
      '@radix-ui/react-compose-refs': 1.1.1(react@19.0.0)
      '@radix-ui/react-primitive': 2.0.1(react-dom@19.0.0(react@19.0.0))(react@19.0.0)
      '@radix-ui/react-use-callback-ref': 1.1.0(react@19.0.0)
      react: 19.0.0
      react-dom: 19.0.0(react@19.0.0)

  '@radix-ui/react-id@1.1.0(react@19.0.0)':
    dependencies:
      '@radix-ui/react-use-layout-effect': 1.1.0(react@19.0.0)
      react: 19.0.0

  '@radix-ui/react-label@2.1.1(react-dom@19.0.0(react@19.0.0))(react@19.0.0)':
    dependencies:
      '@radix-ui/react-primitive': 2.0.1(react-dom@19.0.0(react@19.0.0))(react@19.0.0)
      react: 19.0.0
      react-dom: 19.0.0(react@19.0.0)

  '@radix-ui/react-popper@1.2.1(react-dom@19.0.0(react@19.0.0))(react@19.0.0)':
    dependencies:
      '@floating-ui/react-dom': 2.1.2(react-dom@19.0.0(react@19.0.0))(react@19.0.0)
      '@radix-ui/react-arrow': 1.1.1(react-dom@19.0.0(react@19.0.0))(react@19.0.0)
      '@radix-ui/react-compose-refs': 1.1.1(react@19.0.0)
      '@radix-ui/react-context': 1.1.1(react@19.0.0)
      '@radix-ui/react-primitive': 2.0.1(react-dom@19.0.0(react@19.0.0))(react@19.0.0)
      '@radix-ui/react-use-callback-ref': 1.1.0(react@19.0.0)
      '@radix-ui/react-use-layout-effect': 1.1.0(react@19.0.0)
      '@radix-ui/react-use-rect': 1.1.0(react@19.0.0)
      '@radix-ui/react-use-size': 1.1.0(react@19.0.0)
      '@radix-ui/rect': 1.1.0
      react: 19.0.0
      react-dom: 19.0.0(react@19.0.0)

  '@radix-ui/react-portal@1.1.3(react-dom@19.0.0(react@19.0.0))(react@19.0.0)':
    dependencies:
      '@radix-ui/react-primitive': 2.0.1(react-dom@19.0.0(react@19.0.0))(react@19.0.0)
      '@radix-ui/react-use-layout-effect': 1.1.0(react@19.0.0)
      react: 19.0.0
      react-dom: 19.0.0(react@19.0.0)

  '@radix-ui/react-presence@1.1.2(react-dom@19.0.0(react@19.0.0))(react@19.0.0)':
    dependencies:
      '@radix-ui/react-compose-refs': 1.1.1(react@19.0.0)
      '@radix-ui/react-use-layout-effect': 1.1.0(react@19.0.0)
      react: 19.0.0
      react-dom: 19.0.0(react@19.0.0)

  '@radix-ui/react-primitive@2.0.1(react-dom@19.0.0(react@19.0.0))(react@19.0.0)':
    dependencies:
      '@radix-ui/react-slot': 1.1.1(react@19.0.0)
      react: 19.0.0
      react-dom: 19.0.0(react@19.0.0)

  '@radix-ui/react-select@2.1.5(react-dom@19.0.0(react@19.0.0))(react@19.0.0)':
    dependencies:
      '@radix-ui/number': 1.1.0
      '@radix-ui/primitive': 1.1.1
      '@radix-ui/react-collection': 1.1.1(react-dom@19.0.0(react@19.0.0))(react@19.0.0)
      '@radix-ui/react-compose-refs': 1.1.1(react@19.0.0)
      '@radix-ui/react-context': 1.1.1(react@19.0.0)
      '@radix-ui/react-direction': 1.1.0(react@19.0.0)
      '@radix-ui/react-dismissable-layer': 1.1.4(react-dom@19.0.0(react@19.0.0))(react@19.0.0)
      '@radix-ui/react-focus-guards': 1.1.1(react@19.0.0)
      '@radix-ui/react-focus-scope': 1.1.1(react-dom@19.0.0(react@19.0.0))(react@19.0.0)
      '@radix-ui/react-id': 1.1.0(react@19.0.0)
      '@radix-ui/react-popper': 1.2.1(react-dom@19.0.0(react@19.0.0))(react@19.0.0)
      '@radix-ui/react-portal': 1.1.3(react-dom@19.0.0(react@19.0.0))(react@19.0.0)
      '@radix-ui/react-primitive': 2.0.1(react-dom@19.0.0(react@19.0.0))(react@19.0.0)
      '@radix-ui/react-slot': 1.1.1(react@19.0.0)
      '@radix-ui/react-use-callback-ref': 1.1.0(react@19.0.0)
      '@radix-ui/react-use-controllable-state': 1.1.0(react@19.0.0)
      '@radix-ui/react-use-layout-effect': 1.1.0(react@19.0.0)
      '@radix-ui/react-use-previous': 1.1.0(react@19.0.0)
      '@radix-ui/react-visually-hidden': 1.1.1(react-dom@19.0.0(react@19.0.0))(react@19.0.0)
      aria-hidden: 1.2.4
      react: 19.0.0
      react-dom: 19.0.0(react@19.0.0)
      react-remove-scroll: 2.6.3(react@19.0.0)

  '@radix-ui/react-slot@1.1.1(react@19.0.0)':
    dependencies:
      '@radix-ui/react-compose-refs': 1.1.1(react@19.0.0)
      react: 19.0.0

  '@radix-ui/react-switch@1.1.2(react-dom@19.0.0(react@19.0.0))(react@19.0.0)':
    dependencies:
      '@radix-ui/primitive': 1.1.1
      '@radix-ui/react-compose-refs': 1.1.1(react@19.0.0)
      '@radix-ui/react-context': 1.1.1(react@19.0.0)
      '@radix-ui/react-primitive': 2.0.1(react-dom@19.0.0(react@19.0.0))(react@19.0.0)
      '@radix-ui/react-use-controllable-state': 1.1.0(react@19.0.0)
      '@radix-ui/react-use-previous': 1.1.0(react@19.0.0)
      '@radix-ui/react-use-size': 1.1.0(react@19.0.0)
      react: 19.0.0
      react-dom: 19.0.0(react@19.0.0)

  '@radix-ui/react-use-callback-ref@1.1.0(react@19.0.0)':
    dependencies:
      react: 19.0.0

  '@radix-ui/react-use-controllable-state@1.1.0(react@19.0.0)':
    dependencies:
      '@radix-ui/react-use-callback-ref': 1.1.0(react@19.0.0)
      react: 19.0.0

  '@radix-ui/react-use-escape-keydown@1.1.0(react@19.0.0)':
    dependencies:
      '@radix-ui/react-use-callback-ref': 1.1.0(react@19.0.0)
      react: 19.0.0

  '@radix-ui/react-use-layout-effect@1.1.0(react@19.0.0)':
    dependencies:
      react: 19.0.0

  '@radix-ui/react-use-previous@1.1.0(react@19.0.0)':
    dependencies:
      react: 19.0.0

  '@radix-ui/react-use-rect@1.1.0(react@19.0.0)':
    dependencies:
      '@radix-ui/rect': 1.1.0
      react: 19.0.0

  '@radix-ui/react-use-size@1.1.0(react@19.0.0)':
    dependencies:
      '@radix-ui/react-use-layout-effect': 1.1.0(react@19.0.0)
      react: 19.0.0

  '@radix-ui/react-visually-hidden@1.1.1(react-dom@19.0.0(react@19.0.0))(react@19.0.0)':
    dependencies:
      '@radix-ui/react-primitive': 2.0.1(react-dom@19.0.0(react@19.0.0))(react@19.0.0)
      react: 19.0.0
      react-dom: 19.0.0(react@19.0.0)

  '@radix-ui/rect@1.1.0': {}

  aria-hidden@1.2.4:
    dependencies:
      tslib: 2.8.1

  autoprefixer@10.4.20(postcss@8.5.1):
    dependencies:
      browserslist: 4.24.4
      caniuse-lite: 1.0.30001697
      fraction.js: 4.3.7
      normalize-range: 0.1.2
      picocolors: 1.1.1
      postcss: 8.5.1
      postcss-value-parser: 4.2.0

  browserslist@4.24.4:
    dependencies:
      caniuse-lite: 1.0.30001697
      electron-to-chromium: 1.5.91
      node-releases: 2.0.19
      update-browserslist-db: 1.1.2(browserslist@4.24.4)

  caniuse-lite@1.0.30001697: {}

  detect-node-es@1.1.0: {}

  electron-to-chromium@1.5.91: {}

  embla-carousel-react@8.5.2(react@19.0.0):
    dependencies:
      embla-carousel: 8.5.2
      embla-carousel-reactive-utils: 8.5.2(embla-carousel@8.5.2)
      react: 19.0.0

  embla-carousel-reactive-utils@8.5.2(embla-carousel@8.5.2):
    dependencies:
      embla-carousel: 8.5.2

  embla-carousel@8.5.2: {}

  escalade@3.2.0: {}

  fraction.js@4.3.7: {}

  get-nonce@1.0.1: {}

  nanoid@3.3.8: {}

  node-releases@2.0.19: {}

  normalize-range@0.1.2: {}

  picocolors@1.1.1: {}

  postcss-value-parser@4.2.0: {}

  postcss@8.5.1:
    dependencies:
      nanoid: 3.3.8
      picocolors: 1.1.1
      source-map-js: 1.2.1

  react-dom@19.0.0(react@19.0.0):
    dependencies:
      react: 19.0.0
      scheduler: 0.25.0

  react-hook-form@7.54.2(react@19.0.0):
    dependencies:
      react: 19.0.0

  react-remove-scroll-bar@2.3.8(react@19.0.0):
    dependencies:
      react: 19.0.0
      react-style-singleton: 2.2.3(react@19.0.0)
      tslib: 2.8.1

  react-remove-scroll@2.6.3(react@19.0.0):
    dependencies:
      react: 19.0.0
      react-remove-scroll-bar: 2.3.8(react@19.0.0)
      react-style-singleton: 2.2.3(react@19.0.0)
      tslib: 2.8.1
      use-callback-ref: 1.3.3(react@19.0.0)
      use-sidecar: 1.1.3(react@19.0.0)

  react-style-singleton@2.2.3(react@19.0.0):
    dependencies:
      get-nonce: 1.0.1
      react: 19.0.0
      tslib: 2.8.1

  react@19.0.0: {}

  scheduler@0.25.0: {}

  sonner@1.7.4(react-dom@19.0.0(react@19.0.0))(react@19.0.0):
    dependencies:
      react: 19.0.0
      react-dom: 19.0.0(react@19.0.0)

  source-map-js@1.2.1: {}

  tailwindcss-animate@1.0.7(tailwindcss@4.0.3):
    dependencies:
      tailwindcss: 4.0.3

  tailwindcss@4.0.3: {}

  tslib@2.8.1: {}

  update-browserslist-db@1.1.2(browserslist@4.24.4):
    dependencies:
      browserslist: 4.24.4
      escalade: 3.2.0
      picocolors: 1.1.1

  use-callback-ref@1.3.3(react@19.0.0):
    dependencies:
      react: 19.0.0
      tslib: 2.8.1

  use-sidecar@1.1.3(react@19.0.0):
    dependencies:
      detect-node-es: 1.1.0
      react: 19.0.0
      tslib: 2.8.1
